NeoBundleLock vim-markdown 74c9c60796ef10284ba26aaf38ffb39beae5f62c
NeoBundleLock unite.vim b04e14958d0d7276dcb363f613a4ad331b4c4fc9
NeoBundleLock undotree 14655d87774b1f35b5bd23c6de64f535d90ed48d
NeoBundleLock tmuxline.vim 6c535f85e5db80564e2a3538e95314ee449b1583
NeoBundleLock vim-airline 616daceb735771ed27535abe8a6e4907320f1e82
NeoBundleLock ctrlp.vim b5d3fe66a58a13d2ff8b6391f4387608496a030f
NeoBundleLock VOoM a88734fd3e3aa5ce43d65cdfd6d81fa73bf49757
NeoBundleLock vimshell 3aadd86e4b81645d80100449d83c74a3263d7f78
NeoBundleLock vim-jade f0ca7b562052a661b35dee50bcf31eeaf8558201
NeoBundleLock vim-fugitive 0374322ba5d85ae44dd9dc44ef31ca015a59097e
NeoBundleLock vimproc 3e055023dfab4f5a4dfa05a834f9d0cb7294a82e
NeoBundleLock neocomplcache 237442924ac366015e6e0a8a13a31ac37be0c696
NeoBundleLock vim-hybrid 471b235306b94850a3c6b1d2d9e5203e9919c15e
NeoBundleLock neobundle.vim 816d21d99a071cc86ba2ffbb4679dde3b764bed7
NeoBundleLock tagbar 64e935fe5812d3b7022aba1dee63ec9f7456b02f
